
Microsoft Visual Studio Solution File, Format Version 12.00
# Visual Studio 15
VisualStudioVersion = 15.0.28307.329
MinimumVisualStudioVersion = 10.0.40219.1
Project("{FAE04EC0-301F-11D3-BF4B-00C04F79EFBC}") = "FantasyGoldenLeague", "FantasyGoldenLeague\FantasyGoldenLeague.csproj", "{7E30F889-59C9-4F3E-8D16-D9E49A010B9A}"
EndProject
Global
	GlobalSection(SolutionConfigurationPlatforms) = preSolution
		Debug|Any CPU = Debug|Any CPU
		Release|Any CPU = Release|Any CPU
	EndGlobalSection
	GlobalSection(ProjectConfigurationPlatforms) = postSolution
		{7E30F889-59C9-4F3E-8D16-D9E49A010B9A}.Debug|Any CPU.ActiveCfg = Debug|Any CPU
		{7E30F889-59C9-4F3E-8D16-D9E49A010B9A}.Debug|Any CPU.Build.0 = Debug|Any CPU
		{7E30F889-59C9-4F3E-8D16-D9E49A010B9A}.Release|Any CPU.ActiveCfg = Release|Any CPU
		{7E30F889-59C9-4F3E-8D16-D9E49A010B9A}.Release|Any CPU.Build.0 = Release|Any CPU
	EndGlobalSection
	GlobalSection(SolutionProperties) = preSolution
		HideSolutionNode = FALSE
	EndGlobalSection
	GlobalSection(ExtensibilityGlobals) = postSolution
		SolutionGuid = {AC4D2085-D999-4DB0-A9F4-3EC0F19A1768}
	EndGlobalSection
EndGlobal
